# This file is automatically @generated by Wally.
# It is not intended for manual editing.
registry = "test"

[[package]]
name = "data-oriented-house/lemonsignal"
version = "1.10.0"
dependencies = []

[[package]]
name = "elttob/fusion"
version = "0.2.0"
dependencies = []

[[package]]
name = "evaera/promise"
version = "4.0.0"
dependencies = []

[[package]]
name = "ffrostflame/bytenet"
version = "0.4.5"
dependencies = []

[[package]]
name = "normalduck/dialogue"
version = "1.0.0"
dependencies = [["ByteNet", "ffrostflame/bytenet@0.4.5"], ["Fusion", "elttob/fusion@0.2.0"], ["LemonSignal", "data-oriented-house/lemonsignal@1.10.0"], ["Promise", "evaera/promise@4.0.0"], ["TableUtil", "sleitnick/table-util@1.2.1"]]

[[package]]
name = "sleitnick/table-util"
version = "1.2.1"
dependencies = []
