# This file is automatically @generated by Wally.
# It is not intended for manual editing.
registry = "test"

[[package]]
name = "chriscerie/react-spring"
version = "1.1.6"
dependencies = [["Promise", "evaera/promise@4.0.0"], ["React", "core-packages/react@17.0.1-rc.19"], ["ReactRoblox", "core-packages/react-roblox@17.0.1-rc.19"], ["TestEZ", "roblox/testez@0.4.1"]]

[[package]]
name = "core-packages/boolean"
version = "1.2.3"
dependencies = [["Number", "core-packages/number@1.2.3"]]

[[package]]
name = "core-packages/collections"
version = "1.2.3"
dependencies = [["ES7Types", "core-packages/es7-types@1.2.3"], ["InstanceOf", "core-packages/instance-of@1.2.3"]]

[[package]]
name = "core-packages/console"
version = "1.2.3"
dependencies = [["Collections", "core-packages/collections@1.2.3"]]

[[package]]
name = "core-packages/es7-types"
version = "1.2.3"
dependencies = []

[[package]]
name = "core-packages/instance-of"
version = "1.2.3"
dependencies = []

[[package]]
name = "core-packages/luau-polyfill"
version = "1.2.3"
dependencies = [["Boolean", "core-packages/boolean@1.2.3"], ["Collections", "core-packages/collections@1.2.3"], ["Console", "core-packages/console@1.2.3"], ["ES7Types", "core-packages/es7-types@1.2.3"], ["InstanceOf", "core-packages/instance-of@1.2.3"], ["Math", "core-packages/math@1.2.3"], ["Number", "core-packages/number@1.2.3"], ["String", "core-packages/string@1.2.3"], ["Symbol", "core-packages/symbol@1.1.0"], ["Timers", "core-packages/timers@1.2.3"]]

[[package]]
name = "core-packages/math"
version = "1.2.3"
dependencies = []

[[package]]
name = "core-packages/number"
version = "1.2.3"
dependencies = []

[[package]]
name = "core-packages/react"
version = "17.0.1-rc.19"
dependencies = [["LuauPolyfill", "core-packages/luau-polyfill@1.2.3"], ["Shared", "core-packages/shared@17.0.1-rc.19"]]

[[package]]
name = "core-packages/react-reconciler"
version = "17.0.1-rc.19"
dependencies = [["LuauPolyfill", "core-packages/luau-polyfill@1.2.3"], ["Promise", "evaera/promise@4.0.0"], ["React", "core-packages/react@17.0.1-rc.19"], ["Scheduler", "core-packages/scheduler@17.0.1-rc.19"], ["Shared", "core-packages/shared@17.0.1-rc.19"]]

[[package]]
name = "core-packages/react-roblox"
version = "17.0.1-rc.19"
dependencies = [["LuauPolyfill", "core-packages/luau-polyfill@1.2.3"], ["React", "core-packages/react@17.0.1-rc.19"], ["ReactReconciler", "core-packages/react-reconciler@17.0.1-rc.19"], ["Scheduler", "core-packages/scheduler@17.0.1-rc.19"], ["Shared", "core-packages/shared@17.0.1-rc.19"]]

[[package]]
name = "core-packages/scheduler"
version = "17.0.1-rc.19"
dependencies = [["LuauPolyfill", "core-packages/luau-polyfill@1.2.3"], ["Shared", "core-packages/shared@17.0.1-rc.19"]]

[[package]]
name = "core-packages/shared"
version = "17.0.1-rc.19"
dependencies = [["LuauPolyfill", "core-packages/luau-polyfill@1.2.3"]]

[[package]]
name = "core-packages/string"
version = "1.2.3"
dependencies = [["ES7Types", "core-packages/es7-types@1.2.3"], ["Number", "core-packages/number@1.2.3"]]

[[package]]
name = "core-packages/symbol"
version = "1.1.0"
dependencies = []

[[package]]
name = "core-packages/timers"
version = "1.2.3"
dependencies = [["Collections", "core-packages/collections@1.2.3"]]

[[package]]
name = "evaera/promise"
version = "4.0.0"
dependencies = []

[[package]]
name = "normalduck/fusion"
version = "0.1.0"
dependencies = [["Comm", "sleitnick/comm@1.0.1"], ["Component", "sleitnick/component@2.4.8"], ["Input", "sleitnick/input@2.3.0"], ["Knit", "sleitnick/knit@1.7.0"], ["Promise", "evaera/promise@4.0.0"], ["React", "core-packages/react@17.0.1-rc.19"], ["ReactRoblox", "core-packages/react-roblox@17.0.1-rc.19"], ["ReactSpring", "chriscerie/react-spring@1.1.6"], ["Shake", "sleitnick/shake@0.1.7"], ["Signal", "sleitnick/signal@2.0.1"], ["TableUtil", "sleitnick/table-util@1.2.1"], ["Trove", "sleitnick/trove@1.2.0"], ["promise", "evaera/promise@4.0.0"], ["t", "osyrisrblx/t@3.1.1"], ["Suphi", "skylord-103/suphisdatastoremodule@1.0.0"]]

[[package]]
name = "osyrisrblx/t"
version = "3.1.1"
dependencies = []

[[package]]
name = "roblox/testez"
version = "0.4.1"
dependencies = []

[[package]]
name = "skylord-103/suphisdatastoremodule"
version = "1.0.0"
dependencies = []

[[package]]
name = "sleitnick/comm"
version = "1.0.1"
dependencies = [["Option", "sleitnick/option@1.0.5"], ["Promise", "evaera/promise@4.0.0"], ["Signal", "sleitnick/signal@2.0.1"]]

[[package]]
name = "sleitnick/component"
version = "2.4.8"
dependencies = [["Promise", "evaera/promise@4.0.0"], ["Signal", "sleitnick/signal@2.0.1"], ["Symbol", "sleitnick/symbol@2.0.1"], ["Trove", "sleitnick/trove@1.2.0"]]

[[package]]
name = "sleitnick/input"
version = "2.3.0"
dependencies = [["Signal", "sleitnick/signal@2.0.1"], ["Trove", "sleitnick/trove@1.2.0"]]

[[package]]
name = "sleitnick/knit"
version = "1.7.0"
dependencies = [["Comm", "sleitnick/comm@1.0.1"], ["Promise", "evaera/promise@4.0.0"]]

[[package]]
name = "sleitnick/option"
version = "1.0.5"
dependencies = []

[[package]]
name = "sleitnick/shake"
version = "0.1.7"
dependencies = [["Trove", "sleitnick/trove@0.4.2"]]

[[package]]
name = "sleitnick/signal"
version = "2.0.1"
dependencies = []

[[package]]
name = "sleitnick/symbol"
version = "2.0.1"
dependencies = []

[[package]]
name = "sleitnick/table-util"
version = "1.2.1"
dependencies = []

[[package]]
name = "sleitnick/trove"
version = "0.4.2"
dependencies = []

[[package]]
name = "sleitnick/trove"
version = "1.2.0"
dependencies = []
