# This file is automatically @generated by Wally.
# It is not intended for manual editing.
registry = "test"

[[package]]
name = "7kayoh/lydie"
version = "0.1.0"
dependencies = [["Fusion", "elttob/fusion@0.2.0"]]

[[package]]
name = "elttob/fusion"
version = "0.2.0"
dependencies = []

[[package]]
name = "ffrostflame/bytenet"
version = "0.4.5"
dependencies = []

[[package]]
name = "hexcede/fusion-utils"
version = "0.1.2"
dependencies = [["Fusion", "elttob/fusion@0.2.0"]]

[[package]]
name = "imavafe/neohotbar"
version = "1.1.1"
dependencies = [["Fusion", "elttob/fusion@0.2.0"], ["FusionUtils", "hexcede/fusion-utils@0.1.2"]]

[[package]]
name = "normalduck/dialogue"
version = "0.1.0"
dependencies = [["ByteNet", "ffrostflame/bytenet@0.4.5"], ["Fusion", "elttob/fusion@0.2.0"], ["Hotbar", "imavafe/neohotbar@1.1.1"], ["Lydie", "7kayoh/lydie@0.1.0"], ["TableUtil", "sleitnick/table-util@1.2.1"]]

[[package]]
name = "sleitnick/table-util"
version = "1.2.1"
dependencies = []
